
Microsoft Visual Studio Solution File, Format Version 12.00
# Visual Studio Version 17
VisualStudioVersion = 17.1.32328.378
MinimumVisualStudioVersion = 10.0.40219.1
Project("{FAE04EC0-301F-11D3-BF4B-00C04F79EFBC}") = "OokpMVC", "OokpMVC\OokpMVC.csproj", "{88495CEF-635A-41DA-ABB0-30A172331995}"
EndProject
Global
	GlobalSection(SolutionConfigurationPlatforms) = preSolution
		Debug|Any CPU = Debug|Any CPU
		Release|Any CPU = Release|Any CPU
	EndGlobalSection
	GlobalSection(ProjectConfigurationPlatforms) = postSolution
		{88495CEF-635A-41DA-ABB0-30A172331995}.Debug|Any CPU.ActiveCfg = Debug|Any CPU
		{88495CEF-635A-41DA-ABB0-30A172331995}.Debug|Any CPU.Build.0 = Debug|Any CPU
		{88495CEF-635A-41DA-ABB0-30A172331995}.Release|Any CPU.ActiveCfg = Release|Any CPU
		{88495CEF-635A-41DA-ABB0-30A172331995}.Release|Any CPU.Build.0 = Release|Any CPU
	EndGlobalSection
	GlobalSection(SolutionProperties) = preSolution
		HideSolutionNode = FALSE
	EndGlobalSection
	GlobalSection(ExtensibilityGlobals) = postSolution
		SolutionGuid = {768C5BEC-18A5-431E-8C8B-E3F99081C3FD}
	EndGlobalSection
EndGlobal
